{
  "pins" : [
    {
      "identity" : "factory",
      "kind" : "remoteSourceControl",
      "location" : "git@github.com:hmlongco/Factory.git",
      "state" : {
        "revision" : "ccc898f21992ebc130bc04cc197460a5ae230bcf",
        "version" : "2.5.3"
      }
    },
    {
      "identity" : "swiftclient",
      "kind" : "remoteSourceControl",
      "location" : "git@github.com:TelemetryDeck/SwiftClient.git",
      "state" : {
        "revision" : "a7fd1eb469589a3c8fd8cc3abe19b092b5d674dc",
        "version" : "2.9.4"
      }
    },
    {
      "identity" : "viewinspector",
      "kind" : "remoteSourceControl",
      "location" : "git@github.com:nalexn/ViewInspector.git",
      "state" : {
        "revision" : "a6fcac8485bc8f57b2d2b55bb6d97138e8659e4b",
        "version" : "0.10.2"
      }
    }
  ],
  "version" : 2
}
